// !$*UTF8*$!
{
	archiveVersion = 1;
	classes = {
	};
	objectVersion = 56;
	objects = {

/* Begin PBXBuildFile section */
		7A0BB56B2CC7A0BF00681A88 /* ForgotPasswordView.swift in Sources */ = {isa = PBXBuildFile; fileRef = 7A0BB56A2CC7A0BF00681A88 /* ForgotPasswordView.swift */; };
		7A0BB56E2CC7A98A00681A88 /* CheckEmailView.swift in Sources */ = {isa = PBXBuildFile; fileRef = 7A0BB56D2CC7A98A00681A88 /* CheckEmailView.swift */; };
		7A10C0FF2D121D84007ADA6F /* SizeMetrics.swift in Sources */ = {isa = PBXBuildFile; fileRef = 7A10C0FE2D121D84007ADA6F /* SizeMetrics.swift */; };
		7A10C1032D12CA19007ADA6F /* OnboardingFlowView.swift in Sources */ = {isa = PBXBuildFile; fileRef = 7A10C1022D12CA19007ADA6F /* OnboardingFlowView.swift */; };
		7A10C1052D12CC47007ADA6F /* NameInputView.swift in Sources */ = {isa = PBXBuildFile; fileRef = 7A10C1042D12CC47007ADA6F /* NameInputView.swift */; };
		7A10C1072D12CD12007ADA6F /* ActivityLevelView.swift in Sources */ = {isa = PBXBuildFile; fileRef = 7A10C1062D12CD12007ADA6F /* ActivityLevelView.swift */; };
		7A10C1092D12CDD5007ADA6F /* PersonalDetailsView.swift in Sources */ = {isa = PBXBuildFile; fileRef = 7A10C1082D12CDD5007ADA6F /* PersonalDetailsView.swift */; };
		7A10C10B2D12CE5C007ADA6F /* WaitingScreenView.swift in Sources */ = {isa = PBXBuildFile; fileRef = 7A10C10A2D12CE5C007ADA6F /* WaitingScreenView.swift */; };
		7A10C10E2D12D9F9007ADA6F /* AgePickerView.swift in Sources */ = {isa = PBXBuildFile; fileRef = 7A10C10D2D12D9F9007ADA6F /* AgePickerView.swift */; };
		7A10C1112D13751B007ADA6F /* DashboardView.swift in Sources */ = {isa = PBXBuildFile; fileRef = 7A10C1102D13751B007ADA6F /* DashboardView.swift */; };
		7A10C1162D14122B007ADA6F /* CollapsibleTabBar.swift in Sources */ = {isa = PBXBuildFile; fileRef = 7A10C1152D14122B007ADA6F /* CollapsibleTabBar.swift */; };
		7A10C1182D1415AD007ADA6F /* ScrollViewWithOffset.swift in Sources */ = {isa = PBXBuildFile; fileRef = 7A10C1172D1415AD007ADA6F /* ScrollViewWithOffset.swift */; };
		7A10C11A2D143F96007ADA6F /* GreetingView.swift in Sources */ = {isa = PBXBuildFile; fileRef = 7A10C1192D143F96007ADA6F /* GreetingView.swift */; };
		7A10C11C2D14425F007ADA6F /* IconsView.swift in Sources */ = {isa = PBXBuildFile; fileRef = 7A10C11B2D14425F007ADA6F /* IconsView.swift */; };
		7A12F2212CB7A879002498A2 /* AuthHeaderView.swift in Sources */ = {isa = PBXBuildFile; fileRef = 7A12F2202CB7A879002498A2 /* AuthHeaderView.swift */; };
		7A12F2232CB7A967002498A2 /* AuthTextField.swift in Sources */ = {isa = PBXBuildFile; fileRef = 7A12F2222CB7A967002498A2 /* AuthTextField.swift */; };
		7A12F2252CB7AA56002498A2 /* AppButton.swift in Sources */ = {isa = PBXBuildFile; fileRef = 7A12F2242CB7AA56002498A2 /* AppButton.swift */; };
		7A922E9B2CAFB94F009F3E9C /* SerenityYogaApp.swift in Sources */ = {isa = PBXBuildFile; fileRef = 7A922E9A2CAFB94F009F3E9C /* SerenityYogaApp.swift */; };
		7A922E9D2CAFB94F009F3E9C /* ContentView.swift in Sources */ = {isa = PBXBuildFile; fileRef = 7A922E9C2CAFB94F009F3E9C /* ContentView.swift */; };
		7A922E9F2CAFB950009F3E9C /* Assets.xcassets in Resources */ = {isa = PBXBuildFile; fileRef = 7A922E9E2CAFB950009F3E9C /* Assets.xcassets */; };
		7A922EA22CAFB950009F3E9C /* Preview Assets.xcassets in Resources */ = {isa = PBXBuildFile; fileRef = 7A922EA12CAFB950009F3E9C /* Preview Assets.xcassets */; };
		7A922EA92CAFBA6C009F3E9C /* LoginView.swift in Sources */ = {isa = PBXBuildFile; fileRef = 7A922EA82CAFBA6C009F3E9C /* LoginView.swift */; };
		7A922ECC2CB3EE29009F3E9C /* SignupView.swift in Sources */ = {isa = PBXBuildFile; fileRef = 7A922ECB2CB3EE29009F3E9C /* SignupView.swift */; };
		7A922ECE2CB40BEC009F3E9C /* Color+Ext.swift in Sources */ = {isa = PBXBuildFile; fileRef = 7A922ECD2CB40BEC009F3E9C /* Color+Ext.swift */; };
		7A922ED02CB41E37009F3E9C /* Image+Ext.swift in Sources */ = {isa = PBXBuildFile; fileRef = 7A922ECF2CB41E37009F3E9C /* Image+Ext.swift */; };
		7AC57B262D11F95B00C99B0A /* ForgotPasswordFlowView.swift in Sources */ = {isa = PBXBuildFile; fileRef = 7AC57B252D11F95B00C99B0A /* ForgotPasswordFlowView.swift */; };
		7AC57B282D11FDA100C99B0A /* EnterCodeView.swift in Sources */ = {isa = PBXBuildFile; fileRef = 7AC57B272D11FDA100C99B0A /* EnterCodeView.swift */; };
		7AC57B2A2D11FDBE00C99B0A /* CreatePasswordView.swift in Sources */ = {isa = PBXBuildFile; fileRef = 7AC57B292D11FDBE00C99B0A /* CreatePasswordView.swift */; };
		7AEB125F2D1B24AC00C64AD5 /* GradientBg.swift in Sources */ = {isa = PBXBuildFile; fileRef = 7AEB125E2D1B24AC00C64AD5 /* GradientBg.swift */; };
		7AEB12612D1B255C00C64AD5 /* LargeCardView.swift in Sources */ = {isa = PBXBuildFile; fileRef = 7AEB12602D1B255C00C64AD5 /* LargeCardView.swift */; };
		7AEB12632D1B276600C64AD5 /* SmallCardView.swift in Sources */ = {isa = PBXBuildFile; fileRef = 7AEB12622D1B276600C64AD5 /* SmallCardView.swift */; };
		7AEB12672D1B28F700C64AD5 /* HeaderView.swift in Sources */ = {isa = PBXBuildFile; fileRef = 7AEB12662D1B28F700C64AD5 /* HeaderView.swift */; };
		7AEB12692D1C115C00C64AD5 /* ContentCardView.swift in Sources */ = {isa = PBXBuildFile; fileRef = 7AEB12682D1C115C00C64AD5 /* ContentCardView.swift */; };
		7AEB126C2D2D05C700C64AD5 /* ProfileView.swift in Sources */ = {isa = PBXBuildFile; fileRef = 7AEB126B2D2D05C700C64AD5 /* ProfileView.swift */; };
		7AEB126F2D2D16E900C64AD5 /* CircularProgressView.swift in Sources */ = {isa = PBXBuildFile; fileRef = 7AEB126E2D2D16E900C64AD5 /* CircularProgressView.swift */; };
		7AEB12712D2D399A00C64AD5 /* CalendarView.swift in Sources */ = {isa = PBXBuildFile; fileRef = 7AEB12702D2D399A00C64AD5 /* CalendarView.swift */; };
		7AEB12732D2D4CCE00C64AD5 /* WeeklyGoalSheet.swift in Sources */ = {isa = PBXBuildFile; fileRef = 7AEB12722D2D4CCE00C64AD5 /* WeeklyGoalSheet.swift */; };
		7AEB12772D2EDB5E00C64AD5 /* SettingsView.swift in Sources */ = {isa = PBXBuildFile; fileRef = 7AEB12762D2EDB5E00C64AD5 /* SettingsView.swift */; };
		7AEB12792D2F004400C64AD5 /* BackButtonModifier.swift in Sources */ = {isa = PBXBuildFile; fileRef = 7AEB12782D2F004300C64AD5 /* BackButtonModifier.swift */; };
		7AEB127B2D2FA54200C64AD5 /* PrivacyPolicyView.swift in Sources */ = {isa = PBXBuildFile; fileRef = 7AEB127A2D2FA54200C64AD5 /* PrivacyPolicyView.swift */; };
		7AEB127D2D2FA8EC00C64AD5 /* CustomNavigationBar.swift in Sources */ = {isa = PBXBuildFile; fileRef = 7AEB127C2D2FA8EC00C64AD5 /* CustomNavigationBar.swift */; };
		7AEB127F2D2FAA2100C64AD5 /* PersonalInfoView.swift in Sources */ = {isa = PBXBuildFile; fileRef = 7AEB127E2D2FAA2100C64AD5 /* PersonalInfoView.swift */; };
		7AEB12812D2FD78C00C64AD5 /* SupportView.swift in Sources */ = {isa = PBXBuildFile; fileRef = 7AEB12802D2FD78C00C64AD5 /* SupportView.swift */; };
		7AEB12832D2FE4B100C64AD5 /* NotificationsView.swift in Sources */ = {isa = PBXBuildFile; fileRef = 7AEB12822D2FE4B100C64AD5 /* NotificationsView.swift */; };
		7AEB12852D2FE57A00C64AD5 /* ChangeActivityLevelView.swift in Sources */ = {isa = PBXBuildFile; fileRef = 7AEB12842D2FE57A00C64AD5 /* ChangeActivityLevelView.swift */; };
		7AEB12872D2FEA4900C64AD5 /* AboutAppView.swift in Sources */ = {isa = PBXBuildFile; fileRef = 7AEB12862D2FEA4900C64AD5 /* AboutAppView.swift */; };
		7AEB12892D31958400C64AD5 /* RateUsView.swift in Sources */ = {isa = PBXBuildFile; fileRef = 7AEB12882D31958400C64AD5 /* RateUsView.swift */; };
		7AEB128B2D319FF400C64AD5 /* FAQs.swift in Sources */ = {isa = PBXBuildFile; fileRef = 7AEB128A2D319FF400C64AD5 /* FAQs.swift */; };
		7AEB128D2D31B15800C64AD5 /* ChangePwdView.swift in Sources */ = {isa = PBXBuildFile; fileRef = 7AEB128C2D31B15800C64AD5 /* ChangePwdView.swift */; };
		7AEB128F2D34FB6800C64AD5 /* SettingsViewModel.swift in Sources */ = {isa = PBXBuildFile; fileRef = 7AEB128E2D34FB6800C64AD5 /* SettingsViewModel.swift */; };
		7AEB12912D34FD7D00C64AD5 /* PersonalInfoViewModel.swift in Sources */ = {isa = PBXBuildFile; fileRef = 7AEB12902D34FD7D00C64AD5 /* PersonalInfoViewModel.swift */; };
		7AEB12932D34FE0500C64AD5 /* SupportViewModel.swift in Sources */ = {isa = PBXBuildFile; fileRef = 7AEB12922D34FE0500C64AD5 /* SupportViewModel.swift */; };
		7AEB12952D34FE7900C64AD5 /* NotificationsViewModel.swift in Sources */ = {isa = PBXBuildFile; fileRef = 7AEB12942D34FE7900C64AD5 /* NotificationsViewModel.swift */; };
		7AEB12972D35016600C64AD5 /* ChangeActivityLvlViewModel.swift in Sources */ = {isa = PBXBuildFile; fileRef = 7AEB12962D35016600C64AD5 /* ChangeActivityLvlViewModel.swift */; };
		7AEB12992D3501F800C64AD5 /* AboutAppViewModel.swift in Sources */ = {isa = PBXBuildFile; fileRef = 7AEB12982D3501F800C64AD5 /* AboutAppViewModel.swift */; };
		7AEB129B2D35027600C64AD5 /* FAQsViewModel.swift in Sources */ = {isa = PBXBuildFile; fileRef = 7AEB129A2D35027600C64AD5 /* FAQsViewModel.swift */; };
		7AEB129D2D3502FF00C64AD5 /* RateUsViewModel.swift in Sources */ = {isa = PBXBuildFile; fileRef = 7AEB129C2D3502FF00C64AD5 /* RateUsViewModel.swift */; };
		7AEB12A12D368B7400C64AD5 /* BlogPageView.swift in Sources */ = {isa = PBXBuildFile; fileRef = 7AEB12A02D368B7400C64AD5 /* BlogPageView.swift */; };
		7AEB12A42D369BC900C64AD5 /* StoriesComponentView.swift in Sources */ = {isa = PBXBuildFile; fileRef = 7AEB12A32D369BC900C64AD5 /* StoriesComponentView.swift */; };
		7AEB12A62D36A01100C64AD5 /* BlogCardView.swift in Sources */ = {isa = PBXBuildFile; fileRef = 7AEB12A52D36A01100C64AD5 /* BlogCardView.swift */; };
		7AEB12A82D36B5E300C64AD5 /* StoryDetailView.swift in Sources */ = {isa = PBXBuildFile; fileRef = 7AEB12A72D36B5E300C64AD5 /* StoryDetailView.swift */; };
		7AEB12AA2D37C40C00C64AD5 /* AddStoryView.swift in Sources */ = {isa = PBXBuildFile; fileRef = 7AEB12A92D37C40C00C64AD5 /* AddStoryView.swift */; };
		7AEB12AC2D37CDEB00C64AD5 /* AllBlogsView.swift in Sources */ = {isa = PBXBuildFile; fileRef = 7AEB12AB2D37CDEB00C64AD5 /* AllBlogsView.swift */; };
		7AEB12AE2D37D26B00C64AD5 /* BlogCardDetailView.swift in Sources */ = {isa = PBXBuildFile; fileRef = 7AEB12AD2D37D26B00C64AD5 /* BlogCardDetailView.swift */; };
		7AEB12B02D37FD5900C64AD5 /* QuoteCardView.swift in Sources */ = {isa = PBXBuildFile; fileRef = 7AEB12AF2D37FD5900C64AD5 /* QuoteCardView.swift */; };
		7AEB12B42D382F1800C64AD5 /* FeedbackComponent.swift in Sources */ = {isa = PBXBuildFile; fileRef = 7AEB12B32D382F1800C64AD5 /* FeedbackComponent.swift */; };
		7AEE8BF52D14B05200E89626 /* MoodSelectorView.swift in Sources */ = {isa = PBXBuildFile; fileRef = 7AEE8BF42D14B05200E89626 /* MoodSelectorView.swift */; };
		7AEE8BF72D155BCE00E89626 /* HorizontalContentSection.swift in Sources */ = {isa = PBXBuildFile; fileRef = 7AEE8BF62D155BCE00E89626 /* HorizontalContentSection.swift */; };
		7AEE8BF92D158EBC00E89626 /* ScrollBounceModifier.swift in Sources */ = {isa = PBXBuildFile; fileRef = 7AEE8BF82D158EBC00E89626 /* ScrollBounceModifier.swift */; };
		7AEE8BFB2D16E5A200E89626 /* MoodDetailView.swift in Sources */ = {isa = PBXBuildFile; fileRef = 7AEE8BFA2D16E5A200E89626 /* MoodDetailView.swift */; };
		7AEE8BFD2D1960F200E89626 /* CategoryDetailView.swift in Sources */ = {isa = PBXBuildFile; fileRef = 7AEE8BFC2D1960F200E89626 /* CategoryDetailView.swift */; };
		7AEE8BFF2D19935600E89626 /* MainView.swift in Sources */ = {isa = PBXBuildFile; fileRef = 7AEE8BFE2D19935600E89626 /* MainView.swift */; };
/* End PBXBuildFile section */

/* Begin PBXFileReference section */
		7A0BB56A2CC7A0BF00681A88 /* ForgotPasswordView.swift */ = {isa = PBXFileReference; lastKnownFileType = sourcecode.swift; path = ForgotPasswordView.swift; sourceTree = "<group>"; };
		7A0BB56D2CC7A98A00681A88 /* CheckEmailView.swift */ = {isa = PBXFileReference; lastKnownFileType = sourcecode.swift; path = CheckEmailView.swift; sourceTree = "<group>"; };
		7A10C0FE2D121D84007ADA6F /* SizeMetrics.swift */ = {isa = PBXFileReference; lastKnownFileType = sourcecode.swift; path = SizeMetrics.swift; sourceTree = "<group>"; };
		7A10C1022D12CA19007ADA6F /* OnboardingFlowView.swift */ = {isa = PBXFileReference; lastKnownFileType = sourcecode.swift; path = OnboardingFlowView.swift; sourceTree = "<group>"; };
		7A10C1042D12CC47007ADA6F /* NameInputView.swift */ = {isa = PBXFileReference; lastKnownFileType = sourcecode.swift; path = NameInputView.swift; sourceTree = "<group>"; };
		7A10C1062D12CD12007ADA6F /* ActivityLevelView.swift */ = {isa = PBXFileReference; lastKnownFileType = sourcecode.swift; path = ActivityLevelView.swift; sourceTree = "<group>"; };
		7A10C1082D12CDD5007ADA6F /* PersonalDetailsView.swift */ = {isa = PBXFileReference; lastKnownFileType = sourcecode.swift; path = PersonalDetailsView.swift; sourceTree = "<group>"; };
		7A10C10A2D12CE5C007ADA6F /* WaitingScreenView.swift */ = {isa = PBXFileReference; lastKnownFileType = sourcecode.swift; path = WaitingScreenView.swift; sourceTree = "<group>"; };
		7A10C10D2D12D9F9007ADA6F /* AgePickerView.swift */ = {isa = PBXFileReference; lastKnownFileType = sourcecode.swift; path = AgePickerView.swift; sourceTree = "<group>"; };
		7A10C1102D13751B007ADA6F /* DashboardView.swift */ = {isa = PBXFileReference; lastKnownFileType = sourcecode.swift; path = DashboardView.swift; sourceTree = "<group>"; };
		7A10C1152D14122B007ADA6F /* CollapsibleTabBar.swift */ = {isa = PBXFileReference; lastKnownFileType = sourcecode.swift; path = CollapsibleTabBar.swift; sourceTree = "<group>"; };
		7A10C1172D1415AD007ADA6F /* ScrollViewWithOffset.swift */ = {isa = PBXFileReference; lastKnownFileType = sourcecode.swift; path = ScrollViewWithOffset.swift; sourceTree = "<group>"; };
		7A10C1192D143F96007ADA6F /* GreetingView.swift */ = {isa = PBXFileReference; lastKnownFileType = sourcecode.swift; path = GreetingView.swift; sourceTree = "<group>"; };
		7A10C11B2D14425F007ADA6F /* IconsView.swift */ = {isa = PBXFileReference; lastKnownFileType = sourcecode.swift; path = IconsView.swift; sourceTree = "<group>"; };
		7A12F2202CB7A879002498A2 /* AuthHeaderView.swift */ = {isa = PBXFileReference; lastKnownFileType = sourcecode.swift; path = AuthHeaderView.swift; sourceTree = "<group>"; };
		7A12F2222CB7A967002498A2 /* AuthTextField.swift */ = {isa = PBXFileReference; lastKnownFileType = sourcecode.swift; path = AuthTextField.swift; sourceTree = "<group>"; };
		7A12F2242CB7AA56002498A2 /* AppButton.swift */ = {isa = PBXFileReference; lastKnownFileType = sourcecode.swift; path = AppButton.swift; sourceTree = "<group>"; };
		7A922E972CAFB94F009F3E9C /* SerenityYoga.app */ = {isa = PBXFileReference; explicitFileType = wrapper.application; includeInIndex = 0; path = SerenityYoga.app; sourceTree = BUILT_PRODUCTS_DIR; };
		7A922E9A2CAFB94F009F3E9C /* SerenityYogaApp.swift */ = {isa = PBXFileReference; lastKnownFileType = sourcecode.swift; path = SerenityYogaApp.swift; sourceTree = "<group>"; };
		7A922E9C2CAFB94F009F3E9C /* ContentView.swift */ = {isa = PBXFileReference; lastKnownFileType = sourcecode.swift; path = ContentView.swift; sourceTree = "<group>"; };
		7A922E9E2CAFB950009F3E9C /* Assets.xcassets */ = {isa = PBXFileReference; lastKnownFileType = folder.assetcatalog; path = Assets.xcassets; sourceTree = "<group>"; };
		7A922EA12CAFB950009F3E9C /* Preview Assets.xcassets */ = {isa = PBXFileReference; lastKnownFileType = folder.assetcatalog; path = "Preview Assets.xcassets"; sourceTree = "<group>"; };
		7A922EA82CAFBA6C009F3E9C /* LoginView.swift */ = {isa = PBXFileReference; lastKnownFileType = sourcecode.swift; path = LoginView.swift; sourceTree = "<group>"; };
		7A922ECB2CB3EE29009F3E9C /* SignupView.swift */ = {isa = PBXFileReference; lastKnownFileType = sourcecode.swift; path = SignupView.swift; sourceTree = "<group>"; };
		7A922ECD2CB40BEC009F3E9C /* Color+Ext.swift */ = {isa = PBXFileReference; lastKnownFileType = sourcecode.swift; path = "Color+Ext.swift"; sourceTree = "<group>"; };
		7A922ECF2CB41E37009F3E9C /* Image+Ext.swift */ = {isa = PBXFileReference; lastKnownFileType = sourcecode.swift; path = "Image+Ext.swift"; sourceTree = "<group>"; };
		7AC57B252D11F95B00C99B0A /* ForgotPasswordFlowView.swift */ = {isa = PBXFileReference; lastKnownFileType = sourcecode.swift; path = ForgotPasswordFlowView.swift; sourceTree = "<group>"; };
		7AC57B272D11FDA100C99B0A /* EnterCodeView.swift */ = {isa = PBXFileReference; lastKnownFileType = sourcecode.swift; path = EnterCodeView.swift; sourceTree = "<group>"; };
		7AC57B292D11FDBE00C99B0A /* CreatePasswordView.swift */ = {isa = PBXFileReference; lastKnownFileType = sourcecode.swift; path = CreatePasswordView.swift; sourceTree = "<group>"; };
		7AEB125E2D1B24AC00C64AD5 /* GradientBg.swift */ = {isa = PBXFileReference; lastKnownFileType = sourcecode.swift; path = GradientBg.swift; sourceTree = "<group>"; };
		7AEB12602D1B255C00C64AD5 /* LargeCardView.swift */ = {isa = PBXFileReference; lastKnownFileType = sourcecode.swift; path = LargeCardView.swift; sourceTree = "<group>"; };
		7AEB12622D1B276600C64AD5 /* SmallCardView.swift */ = {isa = PBXFileReference; lastKnownFileType = sourcecode.swift; path = SmallCardView.swift; sourceTree = "<group>"; };
		7AEB12662D1B28F700C64AD5 /* HeaderView.swift */ = {isa = PBXFileReference; lastKnownFileType = sourcecode.swift; path = HeaderView.swift; sourceTree = "<group>"; };
		7AEB12682D1C115C00C64AD5 /* ContentCardView.swift */ = {isa = PBXFileReference; lastKnownFileType = sourcecode.swift; path = ContentCardView.swift; sourceTree = "<group>"; };
		7AEB126B2D2D05C700C64AD5 /* ProfileView.swift */ = {isa = PBXFileReference; lastKnownFileType = sourcecode.swift; path = ProfileView.swift; sourceTree = "<group>"; };
		7AEB126E2D2D16E900C64AD5 /* CircularProgressView.swift */ = {isa = PBXFileReference; lastKnownFileType = sourcecode.swift; path = CircularProgressView.swift; sourceTree = "<group>"; };
		7AEB12702D2D399A00C64AD5 /* CalendarView.swift */ = {isa = PBXFileReference; lastKnownFileType = sourcecode.swift; path = CalendarView.swift; sourceTree = "<group>"; };
		7AEB12722D2D4CCE00C64AD5 /* WeeklyGoalSheet.swift */ = {isa = PBXFileReference; lastKnownFileType = sourcecode.swift; path = WeeklyGoalSheet.swift; sourceTree = "<group>"; };
		7AEB12762D2EDB5E00C64AD5 /* SettingsView.swift */ = {isa = PBXFileReference; lastKnownFileType = sourcecode.swift; path = SettingsView.swift; sourceTree = "<group>"; };
		7AEB12782D2F004300C64AD5 /* BackButtonModifier.swift */ = {isa = PBXFileReference; lastKnownFileType = sourcecode.swift; path = BackButtonModifier.swift; sourceTree = "<group>"; };
		7AEB127A2D2FA54200C64AD5 /* PrivacyPolicyView.swift */ = {isa = PBXFileReference; lastKnownFileType = sourcecode.swift; path = PrivacyPolicyView.swift; sourceTree = "<group>"; };
		7AEB127C2D2FA8EC00C64AD5 /* CustomNavigationBar.swift */ = {isa = PBXFileReference; lastKnownFileType = sourcecode.swift; path = CustomNavigationBar.swift; sourceTree = "<group>"; };
		7AEB127E2D2FAA2100C64AD5 /* PersonalInfoView.swift */ = {isa = PBXFileReference; lastKnownFileType = sourcecode.swift; path = PersonalInfoView.swift; sourceTree = "<group>"; };
		7AEB12802D2FD78C00C64AD5 /* SupportView.swift */ = {isa = PBXFileReference; lastKnownFileType = sourcecode.swift; path = SupportView.swift; sourceTree = "<group>"; };
		7AEB12822D2FE4B100C64AD5 /* NotificationsView.swift */ = {isa = PBXFileReference; lastKnownFileType = sourcecode.swift; path = NotificationsView.swift; sourceTree = "<group>"; };
		7AEB12842D2FE57A00C64AD5 /* ChangeActivityLevelView.swift */ = {isa = PBXFileReference; lastKnownFileType = sourcecode.swift; path = ChangeActivityLevelView.swift; sourceTree = "<group>"; };
		7AEB12862D2FEA4900C64AD5 /* AboutAppView.swift */ = {isa = PBXFileReference; lastKnownFileType = sourcecode.swift; path = AboutAppView.swift; sourceTree = "<group>"; };
		7AEB12882D31958400C64AD5 /* RateUsView.swift */ = {isa = PBXFileReference; lastKnownFileType = sourcecode.swift; path = RateUsView.swift; sourceTree = "<group>"; };
		7AEB128A2D319FF400C64AD5 /* FAQs.swift */ = {isa = PBXFileReference; lastKnownFileType = sourcecode.swift; path = FAQs.swift; sourceTree = "<group>"; };
		7AEB128C2D31B15800C64AD5 /* ChangePwdView.swift */ = {isa = PBXFileReference; lastKnownFileType = sourcecode.swift; path = ChangePwdView.swift; sourceTree = "<group>"; };
		7AEB128E2D34FB6800C64AD5 /* SettingsViewModel.swift */ = {isa = PBXFileReference; lastKnownFileType = sourcecode.swift; path = SettingsViewModel.swift; sourceTree = "<group>"; };
		7AEB12902D34FD7D00C64AD5 /* PersonalInfoViewModel.swift */ = {isa = PBXFileReference; lastKnownFileType = sourcecode.swift; path = PersonalInfoViewModel.swift; sourceTree = "<group>"; };
		7AEB12922D34FE0500C64AD5 /* SupportViewModel.swift */ = {isa = PBXFileReference; lastKnownFileType = sourcecode.swift; path = SupportViewModel.swift; sourceTree = "<group>"; };
		7AEB12942D34FE7900C64AD5 /* NotificationsViewModel.swift */ = {isa = PBXFileReference; lastKnownFileType = sourcecode.swift; path = NotificationsViewModel.swift; sourceTree = "<group>"; };
		7AEB12962D35016600C64AD5 /* ChangeActivityLvlViewModel.swift */ = {isa = PBXFileReference; lastKnownFileType = sourcecode.swift; path = ChangeActivityLvlViewModel.swift; sourceTree = "<group>"; };
		7AEB12982D3501F800C64AD5 /* AboutAppViewModel.swift */ = {isa = PBXFileReference; lastKnownFileType = sourcecode.swift; path = AboutAppViewModel.swift; sourceTree = "<group>"; };
		7AEB129A2D35027600C64AD5 /* FAQsViewModel.swift */ = {isa = PBXFileReference; lastKnownFileType = sourcecode.swift; path = FAQsViewModel.swift; sourceTree = "<group>"; };
		7AEB129C2D3502FF00C64AD5 /* RateUsViewModel.swift */ = {isa = PBXFileReference; lastKnownFileType = sourcecode.swift; path = RateUsViewModel.swift; sourceTree = "<group>"; };
		7AEB12A02D368B7400C64AD5 /* BlogPageView.swift */ = {isa = PBXFileReference; lastKnownFileType = sourcecode.swift; path = BlogPageView.swift; sourceTree = "<group>"; };
		7AEB12A32D369BC900C64AD5 /* StoriesComponentView.swift */ = {isa = PBXFileReference; lastKnownFileType = sourcecode.swift; path = StoriesComponentView.swift; sourceTree = "<group>"; };
		7AEB12A52D36A01100C64AD5 /* BlogCardView.swift */ = {isa = PBXFileReference; lastKnownFileType = sourcecode.swift; path = BlogCardView.swift; sourceTree = "<group>"; };
		7AEB12A72D36B5E300C64AD5 /* StoryDetailView.swift */ = {isa = PBXFileReference; lastKnownFileType = sourcecode.swift; path = StoryDetailView.swift; sourceTree = "<group>"; };
		7AEB12A92D37C40C00C64AD5 /* AddStoryView.swift */ = {isa = PBXFileReference; lastKnownFileType = sourcecode.swift; path = AddStoryView.swift; sourceTree = "<group>"; };
		7AEB12AB2D37CDEB00C64AD5 /* AllBlogsView.swift */ = {isa = PBXFileReference; lastKnownFileType = sourcecode.swift; path = AllBlogsView.swift; sourceTree = "<group>"; };
		7AEB12AD2D37D26B00C64AD5 /* BlogCardDetailView.swift */ = {isa = PBXFileReference; lastKnownFileType = sourcecode.swift; path = BlogCardDetailView.swift; sourceTree = "<group>"; };
		7AEB12AF2D37FD5900C64AD5 /* QuoteCardView.swift */ = {isa = PBXFileReference; lastKnownFileType = sourcecode.swift; path = QuoteCardView.swift; sourceTree = "<group>"; };
		7AEB12B32D382F1800C64AD5 /* FeedbackComponent.swift */ = {isa = PBXFileReference; lastKnownFileType = sourcecode.swift; path = FeedbackComponent.swift; sourceTree = "<group>"; };
		7AEE8BF42D14B05200E89626 /* MoodSelectorView.swift */ = {isa = PBXFileReference; lastKnownFileType = sourcecode.swift; path = MoodSelectorView.swift; sourceTree = "<group>"; };
		7AEE8BF62D155BCE00E89626 /* HorizontalContentSection.swift */ = {isa = PBXFileReference; lastKnownFileType = sourcecode.swift; path = HorizontalContentSection.swift; sourceTree = "<group>"; };
		7AEE8BF82D158EBC00E89626 /* ScrollBounceModifier.swift */ = {isa = PBXFileReference; lastKnownFileType = sourcecode.swift; path = ScrollBounceModifier.swift; sourceTree = "<group>"; };
		7AEE8BFA2D16E5A200E89626 /* MoodDetailView.swift */ = {isa = PBXFileReference; lastKnownFileType = sourcecode.swift; path = MoodDetailView.swift; sourceTree = "<group>"; };
		7AEE8BFC2D1960F200E89626 /* CategoryDetailView.swift */ = {isa = PBXFileReference; lastKnownFileType = sourcecode.swift; path = CategoryDetailView.swift; sourceTree = "<group>"; };
		7AEE8BFE2D19935600E89626 /* MainView.swift */ = {isa = PBXFileReference; lastKnownFileType = sourcecode.swift; path = MainView.swift; sourceTree = "<group>"; };
/* End PBXFileReference section */

/* Begin PBXFrameworksBuildPhase section */
		7A922E942CAFB94F009F3E9C /* Frameworks */ = {
			isa = PBXFrameworksBuildPhase;
			buildActionMask = 2147483647;
			files = (
			);
			runOnlyForDeploymentPostprocessing = 0;
		};
/* End PBXFrameworksBuildPhase section */

/* Begin PBXGroup section */
		7A0BB56C2CC7A8FD00681A88 /* Auth */ = {
			isa = PBXGroup;
			children = (
				7A10C0FD2D120C1F007ADA6F /* ForgotPwd */,
				7A922ECB2CB3EE29009F3E9C /* SignupView.swift */,
				7A922EA82CAFBA6C009F3E9C /* LoginView.swift */,
				7AC57B252D11F95B00C99B0A /* ForgotPasswordFlowView.swift */,
				7A10C1022D12CA19007ADA6F /* OnboardingFlowView.swift */,
			);
			path = Auth;
			sourceTree = "<group>";
		};
		7A10C0FD2D120C1F007ADA6F /* ForgotPwd */ = {
			isa = PBXGroup;
			children = (
				7A0BB56A2CC7A0BF00681A88 /* ForgotPasswordView.swift */,
				7A0BB56D2CC7A98A00681A88 /* CheckEmailView.swift */,
				7AC57B272D11FDA100C99B0A /* EnterCodeView.swift */,
				7AC57B292D11FDBE00C99B0A /* CreatePasswordView.swift */,
			);
			path = ForgotPwd;
			sourceTree = "<group>";
		};
		7A10C1002D121F7A007ADA6F /* Onboarding */ = {
			isa = PBXGroup;
			children = (
				7A10C1042D12CC47007ADA6F /* NameInputView.swift */,
				7A10C1062D12CD12007ADA6F /* ActivityLevelView.swift */,
				7A10C1082D12CDD5007ADA6F /* PersonalDetailsView.swift */,
				7A10C10A2D12CE5C007ADA6F /* WaitingScreenView.swift */,
			);
			path = Onboarding;
			sourceTree = "<group>";
		};
		7A10C1012D12204E007ADA6F /* Buttons */ = {
			isa = PBXGroup;
			children = (
				7A12F2242CB7AA56002498A2 /* AppButton.swift */,
			);
			path = Buttons;
			sourceTree = "<group>";
		};
		7A10C10C2D12D9E1007ADA6F /* Picker */ = {
			isa = PBXGroup;
			children = (
				7A10C10D2D12D9F9007ADA6F /* AgePickerView.swift */,
			);
			path = Picker;
			sourceTree = "<group>";
		};
		7A10C10F2D136EE5007ADA6F /* Dashboard */ = {
			isa = PBXGroup;
			children = (
				7A10C1122D137594007ADA6F /* Views */,
				7A10C1102D13751B007ADA6F /* DashboardView.swift */,
			);
			path = Dashboard;
			sourceTree = "<group>";
		};
		7A10C1122D137594007ADA6F /* Views */ = {
			isa = PBXGroup;
			children = (
				7A10C11B2D14425F007ADA6F /* IconsView.swift */,
				7A10C1192D143F96007ADA6F /* GreetingView.swift */,
				7AEE8BF62D155BCE00E89626 /* HorizontalContentSection.swift */,
				7AEB12682D1C115C00C64AD5 /* ContentCardView.swift */,
			);
			path = Views;
			sourceTree = "<group>";
		};
		7A10C1132D13763A007ADA6F /* Launch */ = {
			isa = PBXGroup;
			children = (
				7A10C1002D121F7A007ADA6F /* Onboarding */,
			);
			path = Launch;
			sourceTree = "<group>";
		};
		7A10C1142D14109D007ADA6F /* TabBar */ = {
			isa = PBXGroup;
			children = (
				7A10C1152D14122B007ADA6F /* CollapsibleTabBar.swift */,
				7AEE8BFE2D19935600E89626 /* MainView.swift */,
			);
			path = TabBar;
			sourceTree = "<group>";
		};
		7A12F21F2CB6FCDD002498A2 /* Shared */ = {
			isa = PBXGroup;
			children = (
				7AEB12642D1B28E600C64AD5 /* Header */,
				7A10C10C2D12D9E1007ADA6F /* Picker */,
				7A10C1012D12204E007ADA6F /* Buttons */,
				7A12F2262CB7ADAA002498A2 /* Auth */,
			);
			path = Shared;
			sourceTree = "<group>";
		};
		7A12F2262CB7ADAA002498A2 /* Auth */ = {
			isa = PBXGroup;
			children = (
				7A12F2202CB7A879002498A2 /* AuthHeaderView.swift */,
				7A12F2222CB7A967002498A2 /* AuthTextField.swift */,
			);
			path = Auth;
			sourceTree = "<group>";
		};
		7A922E8E2CAFB94F009F3E9C = {
			isa = PBXGroup;
			children = (
				7A922E992CAFB94F009F3E9C /* SerenityYoga */,
				7A922E982CAFB94F009F3E9C /* Products */,
			);
			sourceTree = "<group>";
		};
		7A922E982CAFB94F009F3E9C /* Products */ = {
			isa = PBXGroup;
			children = (
				7A922E972CAFB94F009F3E9C /* SerenityYoga.app */,
			);
			name = Products;
			sourceTree = "<group>";
		};
		7A922E992CAFB94F009F3E9C /* SerenityYoga */ = {
			isa = PBXGroup;
			children = (
				7AE5DB4C2CC63C1E00DCB9A0 /* SupportingViews */,
				7A922ED62CB50F54009F3E9C /* App */,
				7A922ECA2CB3E228009F3E9C /* Helpers */,
				7A922EC92CB3E21F009F3E9C /* Services */,
				7A922EC82CB3E218009F3E9C /* Models */,
				7A922EC62CB3E207009F3E9C /* ViewModels */,
				7A922EC52CB3E202009F3E9C /* Scenes */,
				7A922EC42CB3E1D9009F3E9C /* Resources */,
				7A922EA02CAFB950009F3E9C /* Preview Content */,
			);
			path = SerenityYoga;
			sourceTree = "<group>";
		};
		7A922EA02CAFB950009F3E9C /* Preview Content */ = {
			isa = PBXGroup;
			children = (
				7A922EA12CAFB950009F3E9C /* Preview Assets.xcassets */,
			);
			path = "Preview Content";
			sourceTree = "<group>";
		};
		7A922EC42CB3E1D9009F3E9C /* Resources */ = {
			isa = PBXGroup;
			children = (
				7A922E9E2CAFB950009F3E9C /* Assets.xcassets */,
			);
			path = Resources;
			sourceTree = "<group>";
		};
		7A922EC52CB3E202009F3E9C /* Scenes */ = {
			isa = PBXGroup;
			children = (
				7AEB129F2D368B6100C64AD5 /* Stories */,
				7AEB12582D1B18FA00C64AD5 /* Home */,
				7A10C1142D14109D007ADA6F /* TabBar */,
				7A10C1132D13763A007ADA6F /* Launch */,
				7A0BB56C2CC7A8FD00681A88 /* Auth */,
				7A922E9C2CAFB94F009F3E9C /* ContentView.swift */,
			);
			path = Scenes;
			sourceTree = "<group>";
		};
		7A922EC62CB3E207009F3E9C /* ViewModels */ = {
			isa = PBXGroup;
			children = (
				7AEB129E2D3507CC00C64AD5 /* Settings */,
			);
			path = ViewModels;
			sourceTree = "<group>";
		};
		7A922EC82CB3E218009F3E9C /* Models */ = {
			isa = PBXGroup;
			children = (
			);
			path = Models;
			sourceTree = "<group>";
		};
		7A922EC92CB3E21F009F3E9C /* Services */ = {
			isa = PBXGroup;
			children = (
			);
			path = Services;
			sourceTree = "<group>";
		};
		7A922ECA2CB3E228009F3E9C /* Helpers */ = {
			isa = PBXGroup;
			children = (
				7A922ECD2CB40BEC009F3E9C /* Color+Ext.swift */,
				7A922ECF2CB41E37009F3E9C /* Image+Ext.swift */,
				7A10C0FE2D121D84007ADA6F /* SizeMetrics.swift */,
				7A10C1172D1415AD007ADA6F /* ScrollViewWithOffset.swift */,
				7AEE8BF82D158EBC00E89626 /* ScrollBounceModifier.swift */,
				7AEB125E2D1B24AC00C64AD5 /* GradientBg.swift */,
				7AEB12782D2F004300C64AD5 /* BackButtonModifier.swift */,
				7AEB127C2D2FA8EC00C64AD5 /* CustomNavigationBar.swift */,
			);
			path = Helpers;
			sourceTree = "<group>";
		};
		7A922ED62CB50F54009F3E9C /* App */ = {
			isa = PBXGroup;
			children = (
				7A922E9A2CAFB94F009F3E9C /* SerenityYogaApp.swift */,
			);
			path = App;
			sourceTree = "<group>";
		};
		7AE5DB4C2CC63C1E00DCB9A0 /* SupportingViews */ = {
			isa = PBXGroup;
			children = (
				7A12F21F2CB6FCDD002498A2 /* Shared */,
			);
			path = SupportingViews;
			sourceTree = "<group>";
		};
		7AEB12582D1B18FA00C64AD5 /* Home */ = {
			isa = PBXGroup;
			children = (
				7AEB12742D2EDB2E00C64AD5 /* Settings */,
				7AEB126A2D2D05AF00C64AD5 /* Profile */,
				7AEB125C2D1B232900C64AD5 /* Categories */,
				7AEB125B2D1B22CD00C64AD5 /* MoodSelection */,
				7A10C10F2D136EE5007ADA6F /* Dashboard */,
			);
			path = Home;
			sourceTree = "<group>";
		};
		7AEB12592D1B1AFE00C64AD5 /* Views */ = {
			isa = PBXGroup;
			children = (
				7AEE8BF42D14B05200E89626 /* MoodSelectorView.swift */,
			);
			path = Views;
			sourceTree = "<group>";
		};
		7AEB125B2D1B22CD00C64AD5 /* MoodSelection */ = {
			isa = PBXGroup;
			children = (
				7AEB12592D1B1AFE00C64AD5 /* Views */,
				7AEE8BFA2D16E5A200E89626 /* MoodDetailView.swift */,
			);
			path = MoodSelection;
			sourceTree = "<group>";
		};
		7AEB125C2D1B232900C64AD5 /* Categories */ = {
			isa = PBXGroup;
			children = (
				7AEB125D2D1B234B00C64AD5 /* Views */,
				7AEE8BFC2D1960F200E89626 /* CategoryDetailView.swift */,
			);
			path = Categories;
			sourceTree = "<group>";
		};
		7AEB125D2D1B234B00C64AD5 /* Views */ = {
			isa = PBXGroup;
			children = (
				7AEB12602D1B255C00C64AD5 /* LargeCardView.swift */,
				7AEB12622D1B276600C64AD5 /* SmallCardView.swift */,
			);
			path = Views;
			sourceTree = "<group>";
		};
		7AEB12642D1B28E600C64AD5 /* Header */ = {
			isa = PBXGroup;
			children = (
				7AEB12662D1B28F700C64AD5 /* HeaderView.swift */,
			);
			path = Header;
			sourceTree = "<group>";
		};
		7AEB126A2D2D05AF00C64AD5 /* Profile */ = {
			isa = PBXGroup;
			children = (
				7AEB126D2D2D05DA00C64AD5 /* Views */,
				7AEB126B2D2D05C700C64AD5 /* ProfileView.swift */,
			);
			path = Profile;
			sourceTree = "<group>";
		};
		7AEB126D2D2D05DA00C64AD5 /* Views */ = {
			isa = PBXGroup;
			children = (
				7AEB126E2D2D16E900C64AD5 /* CircularProgressView.swift */,
				7AEB12702D2D399A00C64AD5 /* CalendarView.swift */,
				7AEB12722D2D4CCE00C64AD5 /* WeeklyGoalSheet.swift */,
			);
			path = Views;
			sourceTree = "<group>";
		};
		7AEB12742D2EDB2E00C64AD5 /* Settings */ = {
			isa = PBXGroup;
			children = (
				7AEB12752D2EDB3C00C64AD5 /* Views */,
				7AEB12762D2EDB5E00C64AD5 /* SettingsView.swift */,
			);
			path = Settings;
			sourceTree = "<group>";
		};
		7AEB12752D2EDB3C00C64AD5 /* Views */ = {
			isa = PBXGroup;
			children = (
				7AEB127A2D2FA54200C64AD5 /* PrivacyPolicyView.swift */,
				7AEB127E2D2FAA2100C64AD5 /* PersonalInfoView.swift */,
				7AEB12802D2FD78C00C64AD5 /* SupportView.swift */,
				7AEB12822D2FE4B100C64AD5 /* NotificationsView.swift */,
				7AEB12842D2FE57A00C64AD5 /* ChangeActivityLevelView.swift */,
				7AEB12862D2FEA4900C64AD5 /* AboutAppView.swift */,
				7AEB12882D31958400C64AD5 /* RateUsView.swift */,
				7AEB128A2D319FF400C64AD5 /* FAQs.swift */,
				7AEB128C2D31B15800C64AD5 /* ChangePwdView.swift */,
			);
			path = Views;
			sourceTree = "<group>";
		};
		7AEB129E2D3507CC00C64AD5 /* Settings */ = {
			isa = PBXGroup;
			children = (
				7AEB128E2D34FB6800C64AD5 /* SettingsViewModel.swift */,
				7AEB12902D34FD7D00C64AD5 /* PersonalInfoViewModel.swift */,
				7AEB12922D34FE0500C64AD5 /* SupportViewModel.swift */,
				7AEB12942D34FE7900C64AD5 /* NotificationsViewModel.swift */,
				7AEB12962D35016600C64AD5 /* ChangeActivityLvlViewModel.swift */,
				7AEB12982D3501F800C64AD5 /* AboutAppViewModel.swift */,
				7AEB129A2D35027600C64AD5 /* FAQsViewModel.swift */,
				7AEB129C2D3502FF00C64AD5 /* RateUsViewModel.swift */,
			);
			path = Settings;
			sourceTree = "<group>";
		};
		7AEB129F2D368B6100C64AD5 /* Stories */ = {
			isa = PBXGroup;
			children = (
				7AEB12A22D369B5800C64AD5 /* Views */,
				7AEB12A02D368B7400C64AD5 /* BlogPageView.swift */,
			);
			path = Stories;
			sourceTree = "<group>";
		};
		7AEB12A22D369B5800C64AD5 /* Views */ = {
			isa = PBXGroup;
			children = (
				7AEB12B22D3800B900C64AD5 /* StoriesViews */,
				7AEB12B12D38007F00C64AD5 /* BlogViews */,
			);
			path = Views;
			sourceTree = "<group>";
		};
		7AEB12B12D38007F00C64AD5 /* BlogViews */ = {
			isa = PBXGroup;
			children = (
				7AEB12AF2D37FD5900C64AD5 /* QuoteCardView.swift */,
				7AEB12AB2D37CDEB00C64AD5 /* AllBlogsView.swift */,
				7AEB12AD2D37D26B00C64AD5 /* BlogCardDetailView.swift */,
				7AEB12A52D36A01100C64AD5 /* BlogCardView.swift */,
				7AEB12B32D382F1800C64AD5 /* FeedbackComponent.swift */,
			);
			path = BlogViews;
			sourceTree = "<group>";
		};
		7AEB12B22D3800B900C64AD5 /* StoriesViews */ = {
			isa = PBXGroup;
			children = (
				7AEB12A32D369BC900C64AD5 /* StoriesComponentView.swift */,
				7AEB12A72D36B5E300C64AD5 /* StoryDetailView.swift */,
				7AEB12A92D37C40C00C64AD5 /* AddStoryView.swift */,
			);
			path = StoriesViews;
			sourceTree = "<group>";
		};
/* End PBXGroup section */

/* Begin PBXNativeTarget section */
		7A922E962CAFB94F009F3E9C /* SerenityYoga */ = {
			isa = PBXNativeTarget;
			buildConfigurationList = 7A922EA52CAFB950009F3E9C /* Build configuration list for PBXNativeTarget "SerenityYoga" */;
			buildPhases = (
				7A922E932CAFB94F009F3E9C /* Sources */,
				7A922E942CAFB94F009F3E9C /* Frameworks */,
				7A922E952CAFB94F009F3E9C /* Resources */,
			);
			buildRules = (
			);
			dependencies = (
			);
			name = SerenityYoga;
			productName = SerenityYoga;
			productReference = 7A922E972CAFB94F009F3E9C /* SerenityYoga.app */;
			productType = "com.apple.product-type.application";
		};
/* End PBXNativeTarget section */

/* Begin PBXProject section */
		7A922E8F2CAFB94F009F3E9C /* Project object */ = {
			isa = PBXProject;
			attributes = {
				BuildIndependentTargetsInParallel = 1;
				LastSwiftUpdateCheck = 1540;
				LastUpgradeCheck = 1540;
				TargetAttributes = {
					7A922E962CAFB94F009F3E9C = {
						CreatedOnToolsVersion = 15.4;
					};
				};
			};
			buildConfigurationList = 7A922E922CAFB94F009F3E9C /* Build configuration list for PBXProject "SerenityYoga" */;
			compatibilityVersion = "Xcode 14.0";
			developmentRegion = en;
			hasScannedForEncodings = 0;
			knownRegions = (
				en,
				Base,
			);
			mainGroup = 7A922E8E2CAFB94F009F3E9C;
			productRefGroup = 7A922E982CAFB94F009F3E9C /* Products */;
			projectDirPath = "";
			projectRoot = "";
			targets = (
				7A922E962CAFB94F009F3E9C /* SerenityYoga */,
			);
		};
/* End PBXProject section */

/* Begin PBXResourcesBuildPhase section */
		7A922E952CAFB94F009F3E9C /* Resources */ = {
			isa = PBXResourcesBuildPhase;
			buildActionMask = 2147483647;
			files = (
				7A922EA22CAFB950009F3E9C /* Preview Assets.xcassets in Resources */,
				7A922E9F2CAFB950009F3E9C /* Assets.xcassets in Resources */,
			);
			runOnlyForDeploymentPostprocessing = 0;
		};
/* End PBXResourcesBuildPhase section */

/* Begin PBXSourcesBuildPhase section */
		7A922E932CAFB94F009F3E9C /* Sources */ = {
			isa = PBXSourcesBuildPhase;
			buildActionMask = 2147483647;
			files = (
				7A922ECC2CB3EE29009F3E9C /* SignupView.swift in Sources */,
				7AC57B2A2D11FDBE00C99B0A /* CreatePasswordView.swift in Sources */,
				7AEB12AA2D37C40C00C64AD5 /* AddStoryView.swift in Sources */,
				7A10C1182D1415AD007ADA6F /* ScrollViewWithOffset.swift in Sources */,
				7A12F2232CB7A967002498A2 /* AuthTextField.swift in Sources */,
				7AEB12A12D368B7400C64AD5 /* BlogPageView.swift in Sources */,
				7AEB12912D34FD7D00C64AD5 /* PersonalInfoViewModel.swift in Sources */,
				7AEB12AC2D37CDEB00C64AD5 /* AllBlogsView.swift in Sources */,
				7AEB12A42D369BC900C64AD5 /* StoriesComponentView.swift in Sources */,
				7AEB129B2D35027600C64AD5 /* FAQsViewModel.swift in Sources */,
				7AEB12692D1C115C00C64AD5 /* ContentCardView.swift in Sources */,
				7AEB127F2D2FAA2100C64AD5 /* PersonalInfoView.swift in Sources */,
				7AEB12A82D36B5E300C64AD5 /* StoryDetailView.swift in Sources */,
				7AEB12AE2D37D26B00C64AD5 /* BlogCardDetailView.swift in Sources */,
				7A10C1052D12CC47007ADA6F /* NameInputView.swift in Sources */,
				7AEB129D2D3502FF00C64AD5 /* RateUsViewModel.swift in Sources */,
				7AC57B282D11FDA100C99B0A /* EnterCodeView.swift in Sources */,
				7A922ECE2CB40BEC009F3E9C /* Color+Ext.swift in Sources */,
				7A10C1072D12CD12007ADA6F /* ActivityLevelView.swift in Sources */,
				7AEE8BF52D14B05200E89626 /* MoodSelectorView.swift in Sources */,
				7AEB12712D2D399A00C64AD5 /* CalendarView.swift in Sources */,
				7AEE8BFF2D19935600E89626 /* MainView.swift in Sources */,
				7AEB12972D35016600C64AD5 /* ChangeActivityLvlViewModel.swift in Sources */,
				7AEB12892D31958400C64AD5 /* RateUsView.swift in Sources */,
				7A10C11A2D143F96007ADA6F /* GreetingView.swift in Sources */,
				7A12F2252CB7AA56002498A2 /* AppButton.swift in Sources */,
				7AEB125F2D1B24AC00C64AD5 /* GradientBg.swift in Sources */,
				7AEB127B2D2FA54200C64AD5 /* PrivacyPolicyView.swift in Sources */,
				7A10C0FF2D121D84007ADA6F /* SizeMetrics.swift in Sources */,
				7A10C1092D12CDD5007ADA6F /* PersonalDetailsView.swift in Sources */,
				7AEB126C2D2D05C700C64AD5 /* ProfileView.swift in Sources */,
				7A10C10E2D12D9F9007ADA6F /* AgePickerView.swift in Sources */,
				7A922EA92CAFBA6C009F3E9C /* LoginView.swift in Sources */,
				7AEE8BF72D155BCE00E89626 /* HorizontalContentSection.swift in Sources */,
				7AEB128B2D319FF400C64AD5 /* FAQs.swift in Sources */,
				7AEB12952D34FE7900C64AD5 /* NotificationsViewModel.swift in Sources */,
				7AEB12832D2FE4B100C64AD5 /* NotificationsView.swift in Sources */,
				7AEB12772D2EDB5E00C64AD5 /* SettingsView.swift in Sources */,
				7A922ED02CB41E37009F3E9C /* Image+Ext.swift in Sources */,
				7AEB12672D1B28F700C64AD5 /* HeaderView.swift in Sources */,
				7AEB12A62D36A01100C64AD5 /* BlogCardView.swift in Sources */,
				7A10C1032D12CA19007ADA6F /* OnboardingFlowView.swift in Sources */,
				7AEE8BFD2D1960F200E89626 /* CategoryDetailView.swift in Sources */,
				7AEB12792D2F004400C64AD5 /* BackButtonModifier.swift in Sources */,
				7A922E9D2CAFB94F009F3E9C /* ContentView.swift in Sources */,
				7AEB12732D2D4CCE00C64AD5 /* WeeklyGoalSheet.swift in Sources */,
				7AEB12812D2FD78C00C64AD5 /* SupportView.swift in Sources */,
				7AEB12852D2FE57A00C64AD5 /* ChangeActivityLevelView.swift in Sources */,
				7A0BB56E2CC7A98A00681A88 /* CheckEmailView.swift in Sources */,
				7AEE8BFB2D16E5A200E89626 /* MoodDetailView.swift in Sources */,
				7AEB128D2D31B15800C64AD5 /* ChangePwdView.swift in Sources */,
				7A922E9B2CAFB94F009F3E9C /* SerenityYogaApp.swift in Sources */,
				7AEB12B02D37FD5900C64AD5 /* QuoteCardView.swift in Sources */,
				7A10C1112D13751B007ADA6F /* DashboardView.swift in Sources */,
				7A10C10B2D12CE5C007ADA6F /* WaitingScreenView.swift in Sources */,
				7AEB12992D3501F800C64AD5 /* AboutAppViewModel.swift in Sources */,
				7A10C11C2D14425F007ADA6F /* IconsView.swift in Sources */,
				7A0BB56B2CC7A0BF00681A88 /* ForgotPasswordView.swift in Sources */,
				7AEB12B42D382F1800C64AD5 /* FeedbackComponent.swift in Sources */,
				7AEE8BF92D158EBC00E89626 /* ScrollBounceModifier.swift in Sources */,
				7AEB12632D1B276600C64AD5 /* SmallCardView.swift in Sources */,
				7AEB127D2D2FA8EC00C64AD5 /* CustomNavigationBar.swift in Sources */,
				7A10C1162D14122B007ADA6F /* CollapsibleTabBar.swift in Sources */,
				7AC57B262D11F95B00C99B0A /* ForgotPasswordFlowView.swift in Sources */,
				7AEB12932D34FE0500C64AD5 /* SupportViewModel.swift in Sources */,
				7AEB12872D2FEA4900C64AD5 /* AboutAppView.swift in Sources */,
				7AEB12612D1B255C00C64AD5 /* LargeCardView.swift in Sources */,
				7AEB126F2D2D16E900C64AD5 /* CircularProgressView.swift in Sources */,
				7A12F2212CB7A879002498A2 /* AuthHeaderView.swift in Sources */,
				7AEB128F2D34FB6800C64AD5 /* SettingsViewModel.swift in Sources */,
			);
			runOnlyForDeploymentPostprocessing = 0;
		};
/* End PBXSourcesBuildPhase section */

/* Begin XCBuildConfiguration section */
		7A922EA32CAFB950009F3E9C /* Debug */ = {
			isa = XCBuildConfiguration;
			buildSettings = {
				ALWAYS_SEARCH_USER_PATHS = NO;
				ASSETCATALOG_COMPILER_GENERATE_SWIFT_ASSET_SYMBOL_EXTENSIONS = YES;
				CLANG_ANALYZER_NONNULL = YES;
				CLANG_ANALYZER_NUMBER_OBJECT_CONVERSION = YES_AGGRESSIVE;
				CLANG_CXX_LANGUAGE_STANDARD = "gnu++20";
				CLANG_ENABLE_MODULES = YES;
				CLANG_ENABLE_OBJC_ARC = YES;
				CLANG_ENABLE_OBJC_WEAK = YES;
				CLANG_WARN_BLOCK_CAPTURE_AUTORELEASING = YES;
				CLANG_WARN_BOOL_CONVERSION = YES;
				CLANG_WARN_COMMA = YES;
				CLANG_WARN_CONSTANT_CONVERSION = YES;
				CLANG_WARN_DEPRECATED_OBJC_IMPLEMENTATIONS = YES;
				CLANG_WARN_DIRECT_OBJC_ISA_USAGE = YES_ERROR;
				CLANG_WARN_DOCUMENTATION_COMMENTS = YES;
				CLANG_WARN_EMPTY_BODY = YES;
				CLANG_WARN_ENUM_CONVERSION = YES;
				CLANG_WARN_INFINITE_RECURSION = YES;
				CLANG_WARN_INT_CONVERSION = YES;
				CLANG_WARN_NON_LITERAL_NULL_CONVERSION = YES;
				CLANG_WARN_OBJC_IMPLICIT_RETAIN_SELF = YES;
				CLANG_WARN_OBJC_LITERAL_CONVERSION = YES;
				CLANG_WARN_OBJC_ROOT_CLASS = YES_ERROR;
				CLANG_WARN_QUOTED_INCLUDE_IN_FRAMEWORK_HEADER = YES;
				CLANG_WARN_RANGE_LOOP_ANALYSIS = YES;
				CLANG_WARN_STRICT_PROTOTYPES = YES;
				CLANG_WARN_SUSPICIOUS_MOVE = YES;
				CLANG_WARN_UNGUARDED_AVAILABILITY = YES_AGGRESSIVE;
				CLANG_WARN_UNREACHABLE_CODE = YES;
				CLANG_WARN__DUPLICATE_METHOD_MATCH = YES;
				COPY_PHASE_STRIP = NO;
				DEBUG_INFORMATION_FORMAT = dwarf;
				ENABLE_STRICT_OBJC_MSGSEND = YES;
				ENABLE_TESTABILITY = YES;
				ENABLE_USER_SCRIPT_SANDBOXING = YES;
				GCC_C_LANGUAGE_STANDARD = gnu17;
				GCC_DYNAMIC_NO_PIC = NO;
				GCC_NO_COMMON_BLOCKS = YES;
				GCC_OPTIMIZATION_LEVEL = 0;
				GCC_PREPROCESSOR_DEFINITIONS = (
					"DEBUG=1",
					"$(inherited)",
				);
				GCC_WARN_64_TO_32_BIT_CONVERSION = YES;
				GCC_WARN_ABOUT_RETURN_TYPE = YES_ERROR;
				GCC_WARN_UNDECLARED_SELECTOR = YES;
				GCC_WARN_UNINITIALIZED_AUTOS = YES_AGGRESSIVE;
				GCC_WARN_UNUSED_FUNCTION = YES;
				GCC_WARN_UNUSED_VARIABLE = YES;
				IPHONEOS_DEPLOYMENT_TARGET = 17.5;
				LOCALIZATION_PREFERS_STRING_CATALOGS = YES;
				MTL_ENABLE_DEBUG_INFO = INCLUDE_SOURCE;
				MTL_FAST_MATH = YES;
				ONLY_ACTIVE_ARCH = YES;
				SDKROOT = iphoneos;
				SWIFT_ACTIVE_COMPILATION_CONDITIONS = "DEBUG $(inherited)";
				SWIFT_OPTIMIZATION_LEVEL = "-Onone";
			};
			name = Debug;
		};
		7A922EA42CAFB950009F3E9C /* Release */ = {
			isa = XCBuildConfiguration;
			buildSettings = {
				ALWAYS_SEARCH_USER_PATHS = NO;
				ASSETCATALOG_COMPILER_GENERATE_SWIFT_ASSET_SYMBOL_EXTENSIONS = YES;
				CLANG_ANALYZER_NONNULL = YES;
				CLANG_ANALYZER_NUMBER_OBJECT_CONVERSION = YES_AGGRESSIVE;
				CLANG_CXX_LANGUAGE_STANDARD = "gnu++20";
				CLANG_ENABLE_MODULES = YES;
				CLANG_ENABLE_OBJC_ARC = YES;
				CLANG_ENABLE_OBJC_WEAK = YES;
				CLANG_WARN_BLOCK_CAPTURE_AUTORELEASING = YES;
				CLANG_WARN_BOOL_CONVERSION = YES;
				CLANG_WARN_COMMA = YES;
				CLANG_WARN_CONSTANT_CONVERSION = YES;
				CLANG_WARN_DEPRECATED_OBJC_IMPLEMENTATIONS = YES;
				CLANG_WARN_DIRECT_OBJC_ISA_USAGE = YES_ERROR;
				CLANG_WARN_DOCUMENTATION_COMMENTS = YES;
				CLANG_WARN_EMPTY_BODY = YES;
				CLANG_WARN_ENUM_CONVERSION = YES;
				CLANG_WARN_INFINITE_RECURSION = YES;
				CLANG_WARN_INT_CONVERSION = YES;
				CLANG_WARN_NON_LITERAL_NULL_CONVERSION = YES;
				CLANG_WARN_OBJC_IMPLICIT_RETAIN_SELF = YES;
				CLANG_WARN_OBJC_LITERAL_CONVERSION = YES;
				CLANG_WARN_OBJC_ROOT_CLASS = YES_ERROR;
				CLANG_WARN_QUOTED_INCLUDE_IN_FRAMEWORK_HEADER = YES;
				CLANG_WARN_RANGE_LOOP_ANALYSIS = YES;
				CLANG_WARN_STRICT_PROTOTYPES = YES;
				CLANG_WARN_SUSPICIOUS_MOVE = YES;
				CLANG_WARN_UNGUARDED_AVAILABILITY = YES_AGGRESSIVE;
				CLANG_WARN_UNREACHABLE_CODE = YES;
				CLANG_WARN__DUPLICATE_METHOD_MATCH = YES;
				COPY_PHASE_STRIP = NO;
				DEBUG_INFORMATION_FORMAT = "dwarf-with-dsym";
				ENABLE_NS_ASSERTIONS = NO;
				ENABLE_STRICT_OBJC_MSGSEND = YES;
				ENABLE_USER_SCRIPT_SANDBOXING = YES;
				GCC_C_LANGUAGE_STANDARD = gnu17;
				GCC_NO_COMMON_BLOCKS = YES;
				GCC_WARN_64_TO_32_BIT_CONVERSION = YES;
				GCC_WARN_ABOUT_RETURN_TYPE = YES_ERROR;
				GCC_WARN_UNDECLARED_SELECTOR = YES;
				GCC_WARN_UNINITIALIZED_AUTOS = YES_AGGRESSIVE;
				GCC_WARN_UNUSED_FUNCTION = YES;
				GCC_WARN_UNUSED_VARIABLE = YES;
				IPHONEOS_DEPLOYMENT_TARGET = 17.5;
				LOCALIZATION_PREFERS_STRING_CATALOGS = YES;
				MTL_ENABLE_DEBUG_INFO = NO;
				MTL_FAST_MATH = YES;
				SDKROOT = iphoneos;
				SWIFT_COMPILATION_MODE = wholemodule;
				VALIDATE_PRODUCT = YES;
			};
			name = Release;
		};
		7A922EA62CAFB950009F3E9C /* Debug */ = {
			isa = XCBuildConfiguration;
			buildSettings = {
				ASSETCATALOG_COMPILER_APPICON_NAME = AppIcon;
				ASSETCATALOG_COMPILER_GLOBAL_ACCENT_COLOR_NAME = AccentColor;
				CODE_SIGN_STYLE = Automatic;
				CURRENT_PROJECT_VERSION = 1;
				DEVELOPMENT_ASSET_PATHS = "SerenityYoga/Preview\\ Content";
				DEVELOPMENT_TEAM = 963Q5MY7HY;
				ENABLE_PREVIEWS = YES;
				GENERATE_INFOPLIST_FILE = YES;
				INFOPLIST_KEY_UIApplicationSceneManifest_Generation = YES;
				INFOPLIST_KEY_UIApplicationSupportsIndirectInputEvents = YES;
				INFOPLIST_KEY_UILaunchScreen_Generation = YES;
				INFOPLIST_KEY_UISupportedInterfaceOrientations_iPad = "UIInterfaceOrientationPortrait UIInterfaceOrientationPortraitUpsideDown UIInterfaceOrientationLandscapeLeft UIInterfaceOrientationLandscapeRight";
				INFOPLIST_KEY_UISupportedInterfaceOrientations_iPhone = "UIInterfaceOrientationPortrait UIInterfaceOrientationLandscapeLeft UIInterfaceOrientationLandscapeRight";
				IPHONEOS_DEPLOYMENT_TARGET = 16.0;
				LD_RUNPATH_SEARCH_PATHS = (
					"$(inherited)",
					"@executable_path/Frameworks",
				);
				MARKETING_VERSION = 1.0;
				PRODUCT_BUNDLE_IDENTIFIER = com.nazrinatayeva.SerenityYoga;
				PRODUCT_NAME = "$(TARGET_NAME)";
				SWIFT_EMIT_LOC_STRINGS = YES;
				SWIFT_VERSION = 5.0;
				TARGETED_DEVICE_FAMILY = "1,2";
			};
			name = Debug;
		};
		7A922EA72CAFB950009F3E9C /* Release */ = {
			isa = XCBuildConfiguration;
			buildSettings = {
				ASSETCATALOG_COMPILER_APPICON_NAME = AppIcon;
				ASSETCATALOG_COMPILER_GLOBAL_ACCENT_COLOR_NAME = AccentColor;
				CODE_SIGN_STYLE = Automatic;
				CURRENT_PROJECT_VERSION = 1;
				DEVELOPMENT_ASSET_PATHS = "SerenityYoga/Preview\\ Content";
				DEVELOPMENT_TEAM = 963Q5MY7HY;
				ENABLE_PREVIEWS = YES;
				GENERATE_INFOPLIST_FILE = YES;
				INFOPLIST_KEY_UIApplicationSceneManifest_Generation = YES;
				INFOPLIST_KEY_UIApplicationSupportsIndirectInputEvents = YES;
				INFOPLIST_KEY_UILaunchScreen_Generation = YES;
				INFOPLIST_KEY_UISupportedInterfaceOrientations_iPad = "UIInterfaceOrientationPortrait UIInterfaceOrientationPortraitUpsideDown UIInterfaceOrientationLandscapeLeft UIInterfaceOrientationLandscapeRight";
				INFOPLIST_KEY_UISupportedInterfaceOrientations_iPhone = "UIInterfaceOrientationPortrait UIInterfaceOrientationLandscapeLeft UIInterfaceOrientationLandscapeRight";
				IPHONEOS_DEPLOYMENT_TARGET = 16.0;
				LD_RUNPATH_SEARCH_PATHS = (
					"$(inherited)",
					"@executable_path/Frameworks",
				);
				MARKETING_VERSION = 1.0;
				PRODUCT_BUNDLE_IDENTIFIER = com.nazrinatayeva.SerenityYoga;
				PRODUCT_NAME = "$(TARGET_NAME)";
				SWIFT_EMIT_LOC_STRINGS = YES;
				SWIFT_VERSION = 5.0;
				TARGETED_DEVICE_FAMILY = "1,2";
			};
			name = Release;
		};
/* End XCBuildConfiguration section */

/* Begin XCConfigurationList section */
		7A922E922CAFB94F009F3E9C /* Build configuration list for PBXProject "SerenityYoga" */ = {
			isa = XCConfigurationList;
			buildConfigurations = (
				7A922EA32CAFB950009F3E9C /* Debug */,
				7A922EA42CAFB950009F3E9C /* Release */,
			);
			defaultConfigurationIsVisible = 0;
			defaultConfigurationName = Release;
		};
		7A922EA52CAFB950009F3E9C /* Build configuration list for PBXNativeTarget "SerenityYoga" */ = {
			isa = XCConfigurationList;
			buildConfigurations = (
				7A922EA62CAFB950009F3E9C /* Debug */,
				7A922EA72CAFB950009F3E9C /* Release */,
			);
			defaultConfigurationIsVisible = 0;
			defaultConfigurationName = Release;
		};
/* End XCConfigurationList section */
	};
	rootObject = 7A922E8F2CAFB94F009F3E9C /* Project object */;
}
